
Microsoft Visual Studio Solution File, Format Version 12.00
# Visual Studio 15
VisualStudioVersion = 15.0.28307.136
MinimumVisualStudioVersion = 10.0.40219.1
Project("{9A19103F-16F7-4668-BE54-9A1E7A4F7556}") = "Algoritmiek", "Algoritmiek\Algoritmiek.csproj", "{D0FECEF9-660A-4D61-8D29-3C72596E6155}"
EndProject
Project("{9A19103F-16F7-4668-BE54-9A1E7A4F7556}") = "AlgoritmiekTests", "AlgoritmiekTests\AlgoritmiekTests.csproj", "{3E62754B-BED7-46EE-B87A-7227DFCB8308}"
EndProject
Global
	GlobalSection(SolutionConfigurationPlatforms) = preSolution
		Debug|Any CPU = Debug|Any CPU
		Debug|x64 = Debug|x64
		Release|Any CPU = Release|Any CPU
		Release|x64 = Release|x64
	EndGlobalSection
	GlobalSection(ProjectConfigurationPlatforms) = postSolution
		{D0FECEF9-660A-4D61-8D29-3C72596E6155}.Debug|Any CPU.ActiveCfg = Debug|Any CPU
		{D0FECEF9-660A-4D61-8D29-3C72596E6155}.Debug|Any CPU.Build.0 = Debug|Any CPU
		{D0FECEF9-660A-4D61-8D29-3C72596E6155}.Debug|x64.ActiveCfg = Debug|x64
		{D0FECEF9-660A-4D61-8D29-3C72596E6155}.Debug|x64.Build.0 = Debug|x64
		{D0FECEF9-660A-4D61-8D29-3C72596E6155}.Release|Any CPU.ActiveCfg = Release|Any CPU
		{D0FECEF9-660A-4D61-8D29-3C72596E6155}.Release|Any CPU.Build.0 = Release|Any CPU
		{D0FECEF9-660A-4D61-8D29-3C72596E6155}.Release|x64.ActiveCfg = Release|x64
		{D0FECEF9-660A-4D61-8D29-3C72596E6155}.Release|x64.Build.0 = Release|x64
		{3E62754B-BED7-46EE-B87A-7227DFCB8308}.Debug|Any CPU.ActiveCfg = Debug|Any CPU
		{3E62754B-BED7-46EE-B87A-7227DFCB8308}.Debug|Any CPU.Build.0 = Debug|Any CPU
		{3E62754B-BED7-46EE-B87A-7227DFCB8308}.Debug|x64.ActiveCfg = Debug|Any CPU
		{3E62754B-BED7-46EE-B87A-7227DFCB8308}.Debug|x64.Build.0 = Debug|Any CPU
		{3E62754B-BED7-46EE-B87A-7227DFCB8308}.Release|Any CPU.ActiveCfg = Release|Any CPU
		{3E62754B-BED7-46EE-B87A-7227DFCB8308}.Release|Any CPU.Build.0 = Release|Any CPU
		{3E62754B-BED7-46EE-B87A-7227DFCB8308}.Release|x64.ActiveCfg = Release|Any CPU
		{3E62754B-BED7-46EE-B87A-7227DFCB8308}.Release|x64.Build.0 = Release|Any CPU
	EndGlobalSection
	GlobalSection(SolutionProperties) = preSolution
		HideSolutionNode = FALSE
	EndGlobalSection
	GlobalSection(ExtensibilityGlobals) = postSolution
		SolutionGuid = {242B612D-731E-4CC3-A72E-36CFE2D05F61}
	EndGlobalSection
EndGlobal
